
Microsoft Visual Studio Solution File, Format Version 12.00
# Visual Studio 2013
VisualStudioVersion = 12.0.31101.0
MinimumVisualStudioVersion = 10.0.40219.1
Project("{FAE04EC0-301F-11D3-BF4B-00C04F79EFBC}") = "VSViewer", "VSViewer\VSViewer.csproj", "{9FF022C7-CC1D-4B7C-9A4A-35B9D8F47008}"
	ProjectSection(ProjectDependencies) = postProject
		{59EF7327-AB29-4395-9CD8-E5BE54640C6D} = {59EF7327-AB29-4395-9CD8-E5BE54640C6D}
	EndProjectSection
EndProject
Project("{FAE04EC0-301F-11D3-BF4B-00C04F79EFBC}") = "EndianBinaryStreams", "EndianBinaryStreams\EndianBinaryStreams.csproj", "{59EF7327-AB29-4395-9CD8-E5BE54640C6D}"
EndProject
Global
	GlobalSection(SolutionConfigurationPlatforms) = preSolution
		Debug|Any CPU = Debug|Any CPU
		Release|Any CPU = Release|Any CPU
	EndGlobalSection
	GlobalSection(ProjectConfigurationPlatforms) = postSolution
		{9FF022C7-CC1D-4B7C-9A4A-35B9D8F47008}.Debug|Any CPU.ActiveCfg = Debug|Any CPU
		{9FF022C7-CC1D-4B7C-9A4A-35B9D8F47008}.Debug|Any CPU.Build.0 = Debug|Any CPU
		{9FF022C7-CC1D-4B7C-9A4A-35B9D8F47008}.Release|Any CPU.ActiveCfg = Release|Any CPU
		{9FF022C7-CC1D-4B7C-9A4A-35B9D8F47008}.Release|Any CPU.Build.0 = Release|Any CPU
		{59EF7327-AB29-4395-9CD8-E5BE54640C6D}.Debug|Any CPU.ActiveCfg = Debug|Any CPU
		{59EF7327-AB29-4395-9CD8-E5BE54640C6D}.Debug|Any CPU.Build.0 = Debug|Any CPU
		{59EF7327-AB29-4395-9CD8-E5BE54640C6D}.Release|Any CPU.ActiveCfg = Release|Any CPU
		{59EF7327-AB29-4395-9CD8-E5BE54640C6D}.Release|Any CPU.Build.0 = Release|Any CPU
	EndGlobalSection
	GlobalSection(SolutionProperties) = preSolution
		HideSolutionNode = FALSE
	EndGlobalSection
EndGlobal
